
Microsoft Visual Studio Solution File, Format Version 12.00
# Visual Studio Version 16
VisualStudioVersion = 16.0.30523.141
MinimumVisualStudioVersion = 10.0.40219.1
Project("{FAE04EC0-301F-11D3-BF4B-00C04F79EFBC}") = "SkolSystem", "SkolSystem\SkolSystem.csproj", "{526E5AD3-7E2D-4C1D-8A21-FDEEB9E5483F}"
EndProject
Global
	GlobalSection(SolutionConfigurationPlatforms) = preSolution
		Debug|Any CPU = Debug|Any CPU
		Release|Any CPU = Release|Any CPU
	EndGlobalSection
	GlobalSection(ProjectConfigurationPlatforms) = postSolution
		{526E5AD3-7E2D-4C1D-8A21-FDEEB9E5483F}.Debug|Any CPU.ActiveCfg = Debug|Any CPU
		{526E5AD3-7E2D-4C1D-8A21-FDEEB9E5483F}.Debug|Any CPU.Build.0 = Debug|Any CPU
		{526E5AD3-7E2D-4C1D-8A21-FDEEB9E5483F}.Release|Any CPU.ActiveCfg = Release|Any CPU
		{526E5AD3-7E2D-4C1D-8A21-FDEEB9E5483F}.Release|Any CPU.Build.0 = Release|Any CPU
	EndGlobalSection
	GlobalSection(SolutionProperties) = preSolution
		HideSolutionNode = FALSE
	EndGlobalSection
	GlobalSection(ExtensibilityGlobals) = postSolution
		SolutionGuid = {511DB192-AA9B-41AF-96D0-27738C7BA59A}
	EndGlobalSection
EndGlobal
